// !$*UTF8*$!
{
	archiveVersion = 1;
	classes = {
	};
	objectVersion = 56;
	objects = {

/* Begin PBXBuildFile section */
		4FAB0FD52CFE602A000D23D6 /* FavoritesStorageManager.swift in Sources */ = {isa = PBXBuildFile; fileRef = 4FAB0FD42CFE602A000D23D6 /* FavoritesStorageManager.swift */; };
		4FAB0FD72CFE60AE000D23D6 /* FavoriteCurrencyPair.swift in Sources */ = {isa = PBXBuildFile; fileRef = 4FAB0FD62CFE60AE000D23D6 /* FavoriteCurrencyPair.swift */; };
		4FAB0FDB2CFE6B84000D23D6 /* MainTabView.swift in Sources */ = {isa = PBXBuildFile; fileRef = 4FAB0FDA2CFE6B84000D23D6 /* MainTabView.swift */; };
		4FAB0FDD2CFE6BA8000D23D6 /* FavoriteRatesView.swift in Sources */ = {isa = PBXBuildFile; fileRef = 4FAB0FDC2CFE6BA8000D23D6 /* FavoriteRatesView.swift */; };
		4FAB0FDF2CFE6BE9000D23D6 /* FavoriteRatesViewModel.swift in Sources */ = {isa = PBXBuildFile; fileRef = 4FAB0FDE2CFE6BE9000D23D6 /* FavoriteRatesViewModel.swift */; };
		4FAB0FE32CFE8296000D23D6 /* ExchangeRatesStore.swift in Sources */ = {isa = PBXBuildFile; fileRef = 4FAB0FE22CFE8296000D23D6 /* ExchangeRatesStore.swift */; };
		4FC9C6A52CFDCD8300F7A498 /* FixerAPISuccessResponse.swift in Sources */ = {isa = PBXBuildFile; fileRef = 4FC9C6A42CFDCD8300F7A498 /* FixerAPISuccessResponse.swift */; };
		4FC9C6A72CFDCDA800F7A498 /* FixerAPIErrorResponse.swift in Sources */ = {isa = PBXBuildFile; fileRef = 4FC9C6A62CFDCDA800F7A498 /* FixerAPIErrorResponse.swift */; };
		4FC9C6A92CFDCDB300F7A498 /* FixerAPIResponse.swift in Sources */ = {isa = PBXBuildFile; fileRef = 4FC9C6A82CFDCDB300F7A498 /* FixerAPIResponse.swift */; };
		4FC9C6AB2CFDCE5600F7A498 /* FixerAPIError.swift in Sources */ = {isa = PBXBuildFile; fileRef = 4FC9C6AA2CFDCE5600F7A498 /* FixerAPIError.swift */; };
		4FC9C6BC2CFDDF2800F7A498 /* ExchangeRatesViewModel.swift in Sources */ = {isa = PBXBuildFile; fileRef = 4FC9C6BA2CFDDF2800F7A498 /* ExchangeRatesViewModel.swift */; };
		4FC9C6C02CFDDF5F00F7A498 /* ErrorView.swift in Sources */ = {isa = PBXBuildFile; fileRef = 4FC9C6BF2CFDDF5F00F7A498 /* ErrorView.swift */; };
		4FC9C6C22CFDE01100F7A498 /* LoadingView.swift in Sources */ = {isa = PBXBuildFile; fileRef = 4FC9C6C12CFDE01100F7A498 /* LoadingView.swift */; };
		4FECF16C2CFC75DC004B43DE /* currencyApp.swift in Sources */ = {isa = PBXBuildFile; fileRef = 4FECF16B2CFC75DC004B43DE /* currencyApp.swift */; };
		4FECF1702CFC75DF004B43DE /* Assets.xcassets in Resources */ = {isa = PBXBuildFile; fileRef = 4FECF16F2CFC75DF004B43DE /* Assets.xcassets */; };
		4FECF1972CFCE371004B43DE /* ExchangeRateService.swift in Sources */ = {isa = PBXBuildFile; fileRef = 4FECF1962CFCE371004B43DE /* ExchangeRateService.swift */; };
		4FECF19C2CFCED81004B43DE /* RatesView.swift in Sources */ = {isa = PBXBuildFile; fileRef = 4FECF19B2CFCED81004B43DE /* RatesView.swift */; };
/* End PBXBuildFile section */

/* Begin PBXFileReference section */
		4FAB0FD42CFE602A000D23D6 /* FavoritesStorageManager.swift */ = {isa = PBXFileReference; lastKnownFileType = sourcecode.swift; path = FavoritesStorageManager.swift; sourceTree = "<group>"; };
		4FAB0FD62CFE60AE000D23D6 /* FavoriteCurrencyPair.swift */ = {isa = PBXFileReference; lastKnownFileType = sourcecode.swift; path = FavoriteCurrencyPair.swift; sourceTree = "<group>"; };
		4FAB0FDA2CFE6B84000D23D6 /* MainTabView.swift */ = {isa = PBXFileReference; lastKnownFileType = sourcecode.swift; path = MainTabView.swift; sourceTree = "<group>"; };
		4FAB0FDC2CFE6BA8000D23D6 /* FavoriteRatesView.swift */ = {isa = PBXFileReference; lastKnownFileType = sourcecode.swift; path = FavoriteRatesView.swift; sourceTree = "<group>"; };
		4FAB0FDE2CFE6BE9000D23D6 /* FavoriteRatesViewModel.swift */ = {isa = PBXFileReference; lastKnownFileType = sourcecode.swift; path = FavoriteRatesViewModel.swift; sourceTree = "<group>"; };
		4FAB0FE22CFE8296000D23D6 /* ExchangeRatesStore.swift */ = {isa = PBXFileReference; lastKnownFileType = sourcecode.swift; path = ExchangeRatesStore.swift; sourceTree = "<group>"; };
		4FC9C6A42CFDCD8300F7A498 /* FixerAPISuccessResponse.swift */ = {isa = PBXFileReference; lastKnownFileType = sourcecode.swift; path = FixerAPISuccessResponse.swift; sourceTree = "<group>"; };
		4FC9C6A62CFDCDA800F7A498 /* FixerAPIErrorResponse.swift */ = {isa = PBXFileReference; lastKnownFileType = sourcecode.swift; path = FixerAPIErrorResponse.swift; sourceTree = "<group>"; };
		4FC9C6A82CFDCDB300F7A498 /* FixerAPIResponse.swift */ = {isa = PBXFileReference; lastKnownFileType = sourcecode.swift; path = FixerAPIResponse.swift; sourceTree = "<group>"; };
		4FC9C6AA2CFDCE5600F7A498 /* FixerAPIError.swift */ = {isa = PBXFileReference; lastKnownFileType = sourcecode.swift; path = FixerAPIError.swift; sourceTree = "<group>"; };
		4FC9C6BA2CFDDF2800F7A498 /* ExchangeRatesViewModel.swift */ = {isa = PBXFileReference; fileEncoding = 4; lastKnownFileType = sourcecode.swift; path = ExchangeRatesViewModel.swift; sourceTree = "<group>"; };
		4FC9C6BF2CFDDF5F00F7A498 /* ErrorView.swift */ = {isa = PBXFileReference; lastKnownFileType = sourcecode.swift; path = ErrorView.swift; sourceTree = "<group>"; };
		4FC9C6C12CFDE01100F7A498 /* LoadingView.swift */ = {isa = PBXFileReference; fileEncoding = 4; lastKnownFileType = sourcecode.swift; path = LoadingView.swift; sourceTree = "<group>"; };
		4FECF1682CFC75DC004B43DE /* currency.app */ = {isa = PBXFileReference; explicitFileType = wrapper.application; includeInIndex = 0; path = currency.app; sourceTree = BUILT_PRODUCTS_DIR; };
		4FECF16B2CFC75DC004B43DE /* currencyApp.swift */ = {isa = PBXFileReference; lastKnownFileType = sourcecode.swift; path = currencyApp.swift; sourceTree = "<group>"; };
		4FECF16F2CFC75DF004B43DE /* Assets.xcassets */ = {isa = PBXFileReference; lastKnownFileType = folder.assetcatalog; path = Assets.xcassets; sourceTree = "<group>"; };
		4FECF1962CFCE371004B43DE /* ExchangeRateService.swift */ = {isa = PBXFileReference; fileEncoding = 4; lastKnownFileType = sourcecode.swift; path = ExchangeRateService.swift; sourceTree = "<group>"; };
		4FECF19A2CFCE4FF004B43DE /* Info.plist */ = {isa = PBXFileReference; lastKnownFileType = text.plist; path = Info.plist; sourceTree = "<group>"; };
		4FECF19B2CFCED81004B43DE /* RatesView.swift */ = {isa = PBXFileReference; fileEncoding = 4; lastKnownFileType = sourcecode.swift; path = RatesView.swift; sourceTree = "<group>"; };
/* End PBXFileReference section */

/* Begin PBXFrameworksBuildPhase section */
		4FECF1652CFC75DC004B43DE /* Frameworks */ = {
			isa = PBXFrameworksBuildPhase;
			buildActionMask = 2147483647;
			files = (
			);
			runOnlyForDeploymentPostprocessing = 0;
		};
/* End PBXFrameworksBuildPhase section */

/* Begin PBXGroup section */
		4FC9C6BB2CFDDF2800F7A498 /* ViewModel */ = {
			isa = PBXGroup;
			children = (
				4FC9C6BA2CFDDF2800F7A498 /* ExchangeRatesViewModel.swift */,
			);
			path = ViewModel;
			sourceTree = "<group>";
		};
		4FECF15F2CFC75DC004B43DE = {
			isa = PBXGroup;
			children = (
				4FECF16A2CFC75DC004B43DE /* currency */,
				4FECF1692CFC75DC004B43DE /* Products */,
			);
			sourceTree = "<group>";
		};
		4FECF1692CFC75DC004B43DE /* Products */ = {
			isa = PBXGroup;
			children = (
				4FECF1682CFC75DC004B43DE /* currency.app */,
			);
			name = Products;
			sourceTree = "<group>";
		};
		4FECF16A2CFC75DC004B43DE /* currency */ = {
			isa = PBXGroup;
			children = (
				4FECF19A2CFCE4FF004B43DE /* Info.plist */,
				4FECF16B2CFC75DC004B43DE /* currencyApp.swift */,
				4FC9C6BB2CFDDF2800F7A498 /* ViewModel */,
				4FECF1952CFCE350004B43DE /* Service */,
				4FECF17B2CFC77B1004B43DE /* Models */,
				4FECF1822CFC77B1004B43DE /* Views */,
				4FECF16F2CFC75DF004B43DE /* Assets.xcassets */,
			);
			path = currency;
			sourceTree = "<group>";
		};
		4FECF17B2CFC77B1004B43DE /* Models */ = {
			isa = PBXGroup;
			children = (
				4FC9C6A42CFDCD8300F7A498 /* FixerAPISuccessResponse.swift */,
				4FAB0FD62CFE60AE000D23D6 /* FavoriteCurrencyPair.swift */,
				4FC9C6A62CFDCDA800F7A498 /* FixerAPIErrorResponse.swift */,
				4FC9C6A82CFDCDB300F7A498 /* FixerAPIResponse.swift */,
			);
			path = Models;
			sourceTree = "<group>";
		};
		4FECF1822CFC77B1004B43DE /* Views */ = {
			isa = PBXGroup;
			children = (
				4FECF19B2CFCED81004B43DE /* RatesView.swift */,
				4FAB0FDC2CFE6BA8000D23D6 /* FavoriteRatesView.swift */,
				4FC9C6C12CFDE01100F7A498 /* LoadingView.swift */,
				4FC9C6BF2CFDDF5F00F7A498 /* ErrorView.swift */,
				4FAB0FDA2CFE6B84000D23D6 /* MainTabView.swift */,
			);
			path = Views;
			sourceTree = "<group>";
		};
		4FECF1952CFCE350004B43DE /* Service */ = {
			isa = PBXGroup;
			children = (
				4FAB0FD42CFE602A000D23D6 /* FavoritesStorageManager.swift */,
				4FAB0FDE2CFE6BE9000D23D6 /* FavoriteRatesViewModel.swift */,
				4FECF1962CFCE371004B43DE /* ExchangeRateService.swift */,
				4FC9C6AA2CFDCE5600F7A498 /* FixerAPIError.swift */,
				4FAB0FE22CFE8296000D23D6 /* ExchangeRatesStore.swift */,
			);
			path = Service;
			sourceTree = "<group>";
		};
/* End PBXGroup section */

/* Begin PBXNativeTarget section */
		4FECF1672CFC75DC004B43DE /* currency */ = {
			isa = PBXNativeTarget;
			buildConfigurationList = 4FECF1762CFC75DF004B43DE /* Build configuration list for PBXNativeTarget "currency" */;
			buildPhases = (
				4FECF1642CFC75DC004B43DE /* Sources */,
				4FECF1652CFC75DC004B43DE /* Frameworks */,
				4FECF1662CFC75DC004B43DE /* Resources */,
			);
			buildRules = (
			);
			dependencies = (
			);
			name = currency;
			productName = currency;
			productReference = 4FECF1682CFC75DC004B43DE /* currency.app */;
			productType = "com.apple.product-type.application";
		};
/* End PBXNativeTarget section */

/* Begin PBXProject section */
		4FECF1602CFC75DC004B43DE /* Project object */ = {
			isa = PBXProject;
			attributes = {
				BuildIndependentTargetsInParallel = 1;
				LastSwiftUpdateCheck = 1530;
				LastUpgradeCheck = 1530;
				TargetAttributes = {
					4FECF1672CFC75DC004B43DE = {
						CreatedOnToolsVersion = 15.3;
					};
				};
			};
			buildConfigurationList = 4FECF1632CFC75DC004B43DE /* Build configuration list for PBXProject "currency" */;
			compatibilityVersion = "Xcode 14.0";
			developmentRegion = en;
			hasScannedForEncodings = 0;
			knownRegions = (
				en,
				Base,
			);
			mainGroup = 4FECF15F2CFC75DC004B43DE;
			productRefGroup = 4FECF1692CFC75DC004B43DE /* Products */;
			projectDirPath = "";
			projectRoot = "";
			targets = (
				4FECF1672CFC75DC004B43DE /* currency */,
			);
		};
/* End PBXProject section */

/* Begin PBXResourcesBuildPhase section */
		4FECF1662CFC75DC004B43DE /* Resources */ = {
			isa = PBXResourcesBuildPhase;
			buildActionMask = 2147483647;
			files = (
				4FECF1702CFC75DF004B43DE /* Assets.xcassets in Resources */,
			);
			runOnlyForDeploymentPostprocessing = 0;
		};
/* End PBXResourcesBuildPhase section */

/* Begin PBXSourcesBuildPhase section */
		4FECF1642CFC75DC004B43DE /* Sources */ = {
			isa = PBXSourcesBuildPhase;
			buildActionMask = 2147483647;
			files = (
				4FAB0FDD2CFE6BA8000D23D6 /* FavoriteRatesView.swift in Sources */,
				4FAB0FD72CFE60AE000D23D6 /* FavoriteCurrencyPair.swift in Sources */,
				4FAB0FE32CFE8296000D23D6 /* ExchangeRatesStore.swift in Sources */,
				4FC9C6AB2CFDCE5600F7A498 /* FixerAPIError.swift in Sources */,
				4FECF1972CFCE371004B43DE /* ExchangeRateService.swift in Sources */,
				4FC9C6A72CFDCDA800F7A498 /* FixerAPIErrorResponse.swift in Sources */,
				4FC9C6C22CFDE01100F7A498 /* LoadingView.swift in Sources */,
				4FAB0FD52CFE602A000D23D6 /* FavoritesStorageManager.swift in Sources */,
				4FAB0FDF2CFE6BE9000D23D6 /* FavoriteRatesViewModel.swift in Sources */,
				4FC9C6A52CFDCD8300F7A498 /* FixerAPISuccessResponse.swift in Sources */,
				4FAB0FDB2CFE6B84000D23D6 /* MainTabView.swift in Sources */,
				4FC9C6A92CFDCDB300F7A498 /* FixerAPIResponse.swift in Sources */,
				4FC9C6C02CFDDF5F00F7A498 /* ErrorView.swift in Sources */,
				4FC9C6BC2CFDDF2800F7A498 /* ExchangeRatesViewModel.swift in Sources */,
				4FECF16C2CFC75DC004B43DE /* currencyApp.swift in Sources */,
				4FECF19C2CFCED81004B43DE /* RatesView.swift in Sources */,
			);
			runOnlyForDeploymentPostprocessing = 0;
		};
/* End PBXSourcesBuildPhase section */

/* Begin XCBuildConfiguration section */
		4FECF1742CFC75DF004B43DE /* Debug */ = {
			isa = XCBuildConfiguration;
			buildSettings = {
				ALWAYS_SEARCH_USER_PATHS = NO;
				ASSETCATALOG_COMPILER_GENERATE_SWIFT_ASSET_SYMBOL_EXTENSIONS = YES;
				CLANG_ANALYZER_NONNULL = YES;
				CLANG_ANALYZER_NUMBER_OBJECT_CONVERSION = YES_AGGRESSIVE;
				CLANG_CXX_LANGUAGE_STANDARD = "gnu++20";
				CLANG_ENABLE_MODULES = YES;
				CLANG_ENABLE_OBJC_ARC = YES;
				CLANG_ENABLE_OBJC_WEAK = YES;
				CLANG_WARN_BLOCK_CAPTURE_AUTORELEASING = YES;
				CLANG_WARN_BOOL_CONVERSION = YES;
				CLANG_WARN_COMMA = YES;
				CLANG_WARN_CONSTANT_CONVERSION = YES;
				CLANG_WARN_DEPRECATED_OBJC_IMPLEMENTATIONS = YES;
				CLANG_WARN_DIRECT_OBJC_ISA_USAGE = YES_ERROR;
				CLANG_WARN_DOCUMENTATION_COMMENTS = YES;
				CLANG_WARN_EMPTY_BODY = YES;
				CLANG_WARN_ENUM_CONVERSION = YES;
				CLANG_WARN_INFINITE_RECURSION = YES;
				CLANG_WARN_INT_CONVERSION = YES;
				CLANG_WARN_NON_LITERAL_NULL_CONVERSION = YES;
				CLANG_WARN_OBJC_IMPLICIT_RETAIN_SELF = YES;
				CLANG_WARN_OBJC_LITERAL_CONVERSION = YES;
				CLANG_WARN_OBJC_ROOT_CLASS = YES_ERROR;
				CLANG_WARN_QUOTED_INCLUDE_IN_FRAMEWORK_HEADER = YES;
				CLANG_WARN_RANGE_LOOP_ANALYSIS = YES;
				CLANG_WARN_STRICT_PROTOTYPES = YES;
				CLANG_WARN_SUSPICIOUS_MOVE = YES;
				CLANG_WARN_UNGUARDED_AVAILABILITY = YES_AGGRESSIVE;
				CLANG_WARN_UNREACHABLE_CODE = YES;
				CLANG_WARN__DUPLICATE_METHOD_MATCH = YES;
				COPY_PHASE_STRIP = NO;
				DEBUG_INFORMATION_FORMAT = dwarf;
				ENABLE_STRICT_OBJC_MSGSEND = YES;
				ENABLE_TESTABILITY = YES;
				ENABLE_USER_SCRIPT_SANDBOXING = YES;
				GCC_C_LANGUAGE_STANDARD = gnu17;
				GCC_DYNAMIC_NO_PIC = NO;
				GCC_NO_COMMON_BLOCKS = YES;
				GCC_OPTIMIZATION_LEVEL = 0;
				GCC_PREPROCESSOR_DEFINITIONS = (
					"DEBUG=1",
					"$(inherited)",
				);
				GCC_WARN_64_TO_32_BIT_CONVERSION = YES;
				GCC_WARN_ABOUT_RETURN_TYPE = YES_ERROR;
				GCC_WARN_UNDECLARED_SELECTOR = YES;
				GCC_WARN_UNINITIALIZED_AUTOS = YES_AGGRESSIVE;
				GCC_WARN_UNUSED_FUNCTION = YES;
				GCC_WARN_UNUSED_VARIABLE = YES;
				IPHONEOS_DEPLOYMENT_TARGET = 17.4;
				LOCALIZATION_PREFERS_STRING_CATALOGS = YES;
				MTL_ENABLE_DEBUG_INFO = INCLUDE_SOURCE;
				MTL_FAST_MATH = YES;
				ONLY_ACTIVE_ARCH = YES;
				SDKROOT = iphoneos;
				SWIFT_ACTIVE_COMPILATION_CONDITIONS = "DEBUG $(inherited)";
				SWIFT_OPTIMIZATION_LEVEL = "-Onone";
			};
			name = Debug;
		};
		4FECF1752CFC75DF004B43DE /* Release */ = {
			isa = XCBuildConfiguration;
			buildSettings = {
				ALWAYS_SEARCH_USER_PATHS = NO;
				ASSETCATALOG_COMPILER_GENERATE_SWIFT_ASSET_SYMBOL_EXTENSIONS = YES;
				CLANG_ANALYZER_NONNULL = YES;
				CLANG_ANALYZER_NUMBER_OBJECT_CONVERSION = YES_AGGRESSIVE;
				CLANG_CXX_LANGUAGE_STANDARD = "gnu++20";
				CLANG_ENABLE_MODULES = YES;
				CLANG_ENABLE_OBJC_ARC = YES;
				CLANG_ENABLE_OBJC_WEAK = YES;
				CLANG_WARN_BLOCK_CAPTURE_AUTORELEASING = YES;
				CLANG_WARN_BOOL_CONVERSION = YES;
				CLANG_WARN_COMMA = YES;
				CLANG_WARN_CONSTANT_CONVERSION = YES;
				CLANG_WARN_DEPRECATED_OBJC_IMPLEMENTATIONS = YES;
				CLANG_WARN_DIRECT_OBJC_ISA_USAGE = YES_ERROR;
				CLANG_WARN_DOCUMENTATION_COMMENTS = YES;
				CLANG_WARN_EMPTY_BODY = YES;
				CLANG_WARN_ENUM_CONVERSION = YES;
				CLANG_WARN_INFINITE_RECURSION = YES;
				CLANG_WARN_INT_CONVERSION = YES;
				CLANG_WARN_NON_LITERAL_NULL_CONVERSION = YES;
				CLANG_WARN_OBJC_IMPLICIT_RETAIN_SELF = YES;
				CLANG_WARN_OBJC_LITERAL_CONVERSION = YES;
				CLANG_WARN_OBJC_ROOT_CLASS = YES_ERROR;
				CLANG_WARN_QUOTED_INCLUDE_IN_FRAMEWORK_HEADER = YES;
				CLANG_WARN_RANGE_LOOP_ANALYSIS = YES;
				CLANG_WARN_STRICT_PROTOTYPES = YES;
				CLANG_WARN_SUSPICIOUS_MOVE = YES;
				CLANG_WARN_UNGUARDED_AVAILABILITY = YES_AGGRESSIVE;
				CLANG_WARN_UNREACHABLE_CODE = YES;
				CLANG_WARN__DUPLICATE_METHOD_MATCH = YES;
				COPY_PHASE_STRIP = NO;
				DEBUG_INFORMATION_FORMAT = "dwarf-with-dsym";
				ENABLE_NS_ASSERTIONS = NO;
				ENABLE_STRICT_OBJC_MSGSEND = YES;
				ENABLE_USER_SCRIPT_SANDBOXING = YES;
				GCC_C_LANGUAGE_STANDARD = gnu17;
				GCC_NO_COMMON_BLOCKS = YES;
				GCC_WARN_64_TO_32_BIT_CONVERSION = YES;
				GCC_WARN_ABOUT_RETURN_TYPE = YES_ERROR;
				GCC_WARN_UNDECLARED_SELECTOR = YES;
				GCC_WARN_UNINITIALIZED_AUTOS = YES_AGGRESSIVE;
				GCC_WARN_UNUSED_FUNCTION = YES;
				GCC_WARN_UNUSED_VARIABLE = YES;
				IPHONEOS_DEPLOYMENT_TARGET = 17.4;
				LOCALIZATION_PREFERS_STRING_CATALOGS = YES;
				MTL_ENABLE_DEBUG_INFO = NO;
				MTL_FAST_MATH = YES;
				SDKROOT = iphoneos;
				SWIFT_COMPILATION_MODE = wholemodule;
				VALIDATE_PRODUCT = YES;
			};
			name = Release;
		};
		4FECF1772CFC75DF004B43DE /* Debug */ = {
			isa = XCBuildConfiguration;
			buildSettings = {
				ASSETCATALOG_COMPILER_APPICON_NAME = AppIcon;
				ASSETCATALOG_COMPILER_GLOBAL_ACCENT_COLOR_NAME = AccentColor;
				CODE_SIGN_STYLE = Automatic;
				CURRENT_PROJECT_VERSION = 1;
				ENABLE_PREVIEWS = YES;
				GENERATE_INFOPLIST_FILE = YES;
				INFOPLIST_FILE = currency/Info.plist;
				INFOPLIST_KEY_UIApplicationSceneManifest_Generation = YES;
				INFOPLIST_KEY_UIApplicationSupportsIndirectInputEvents = YES;
				INFOPLIST_KEY_UILaunchScreen_Generation = YES;
				INFOPLIST_KEY_UISupportedInterfaceOrientations_iPad = "UIInterfaceOrientationPortrait UIInterfaceOrientationPortraitUpsideDown UIInterfaceOrientationLandscapeLeft UIInterfaceOrientationLandscapeRight";
				INFOPLIST_KEY_UISupportedInterfaceOrientations_iPhone = "UIInterfaceOrientationPortrait UIInterfaceOrientationLandscapeLeft UIInterfaceOrientationLandscapeRight";
				IPHONEOS_DEPLOYMENT_TARGET = 16.0;
				LD_RUNPATH_SEARCH_PATHS = (
					"$(inherited)",
					"@executable_path/Frameworks",
				);
				MARKETING_VERSION = 1.0;
				PRODUCT_BUNDLE_IDENTIFIER = currency.currency;
				PRODUCT_NAME = "$(TARGET_NAME)";
				SWIFT_EMIT_LOC_STRINGS = YES;
				SWIFT_VERSION = 5.0;
				TARGETED_DEVICE_FAMILY = "1,2";
			};
			name = Debug;
		};
		4FECF1782CFC75DF004B43DE /* Release */ = {
			isa = XCBuildConfiguration;
			buildSettings = {
				ASSETCATALOG_COMPILER_APPICON_NAME = AppIcon;
				ASSETCATALOG_COMPILER_GLOBAL_ACCENT_COLOR_NAME = AccentColor;
				CODE_SIGN_STYLE = Automatic;
				CURRENT_PROJECT_VERSION = 1;
				ENABLE_PREVIEWS = YES;
				GENERATE_INFOPLIST_FILE = YES;
				INFOPLIST_FILE = currency/Info.plist;
				INFOPLIST_KEY_UIApplicationSceneManifest_Generation = YES;
				INFOPLIST_KEY_UIApplicationSupportsIndirectInputEvents = YES;
				INFOPLIST_KEY_UILaunchScreen_Generation = YES;
				INFOPLIST_KEY_UISupportedInterfaceOrientations_iPad = "UIInterfaceOrientationPortrait UIInterfaceOrientationPortraitUpsideDown UIInterfaceOrientationLandscapeLeft UIInterfaceOrientationLandscapeRight";
				INFOPLIST_KEY_UISupportedInterfaceOrientations_iPhone = "UIInterfaceOrientationPortrait UIInterfaceOrientationLandscapeLeft UIInterfaceOrientationLandscapeRight";
				IPHONEOS_DEPLOYMENT_TARGET = 16.0;
				LD_RUNPATH_SEARCH_PATHS = (
					"$(inherited)",
					"@executable_path/Frameworks",
				);
				MARKETING_VERSION = 1.0;
				PRODUCT_BUNDLE_IDENTIFIER = currency.currency;
				PRODUCT_NAME = "$(TARGET_NAME)";
				SWIFT_EMIT_LOC_STRINGS = YES;
				SWIFT_VERSION = 5.0;
				TARGETED_DEVICE_FAMILY = "1,2";
			};
			name = Release;
		};
/* End XCBuildConfiguration section */

/* Begin XCConfigurationList section */
		4FECF1632CFC75DC004B43DE /* Build configuration list for PBXProject "currency" */ = {
			isa = XCConfigurationList;
			buildConfigurations = (
				4FECF1742CFC75DF004B43DE /* Debug */,
				4FECF1752CFC75DF004B43DE /* Release */,
			);
			defaultConfigurationIsVisible = 0;
			defaultConfigurationName = Release;
		};
		4FECF1762CFC75DF004B43DE /* Build configuration list for PBXNativeTarget "currency" */ = {
			isa = XCConfigurationList;
			buildConfigurations = (
				4FECF1772CFC75DF004B43DE /* Debug */,
				4FECF1782CFC75DF004B43DE /* Release */,
			);
			defaultConfigurationIsVisible = 0;
			defaultConfigurationName = Release;
		};
/* End XCConfigurationList section */
	};
	rootObject = 4FECF1602CFC75DC004B43DE /* Project object */;
}
